{
  "name": "graphql-js-api-docs",
  "version": "1.0.0",
  "lockfileVersion": 3,
  "requires": true,
  "packages": {
    "": {
      "name": "graphql-js-api-docs",
      "devDependencies": {
        "typedoc": "0.28.19",
        "typescript": "5.6.3"
      }
    },
    "node_modules/@gerrit0/mini-shiki": {
      "version": "3.23.0",
      "resolved": "https://registry.npmjs.org/@gerrit0/mini-shiki/-/mini-shiki-3.23.0.tgz",
      "integrity": "sha512-bEMORlG0cqdjVyCEuU0cDQbORWX+kYCeo0kV1lbxF5bt4r7SID2l9bqsxJEM0zndaxpOUT7riCyIVEuqq/Ynxg==",
      "dev": true,
      "license": "MIT",
      "dependencies": {
        "@shikijs/engine-oniguruma": "^3.23.0",
        "@shikijs/langs": "^3.23.0",
        "@shikijs/themes": "^3.23.0",
        "@shikijs/types": "^3.23.0",
        "@shikijs/vscode-textmate": "^10.0.2"
      }
    },
    "node_modules/@shikijs/engine-oniguruma": {
      "version": "3.23.0",
      "resolved": "https://registry.npmjs.org/@shikijs/engine-oniguruma/-/engine-oniguruma-3.23.0.tgz",
      "integrity": "sha512-1nWINwKXxKKLqPibT5f4pAFLej9oZzQTsby8942OTlsJzOBZ0MWKiwzMsd+jhzu8YPCHAswGnnN1YtQfirL35g==",
      "dev": true,
      "license": "MIT",
      "dependencies": {
        "@shikijs/types": "3.23.0",
        "@shikijs/vscode-textmate": "^10.0.2"
      }
    },
    "node_modules/@shikijs/langs": {
      "version": "3.23.0",
      "resolved": "https://registry.npmjs.org/@shikijs/langs/-/langs-3.23.0.tgz",
      "integrity": "sha512-2Ep4W3Re5aB1/62RSYQInK9mM3HsLeB91cHqznAJMuylqjzNVAVCMnNWRHFtcNHXsoNRayP9z1qj4Sq3nMqYXg==",
      "dev": true,
      "license": "MIT",
      "dependencies": {
        "@shikijs/types": "3.23.0"
      }
    },
    "node_modules/@shikijs/themes": {
      "version": "3.23.0",
      "resolved": "https://registry.npmjs.org/@shikijs/themes/-/themes-3.23.0.tgz",
      "integrity": "sha512-5qySYa1ZgAT18HR/ypENL9cUSGOeI2x+4IvYJu4JgVJdizn6kG4ia5Q1jDEOi7gTbN4RbuYtmHh0W3eccOrjMA==",
      "dev": true,
      "license": "MIT",
      "dependencies": {
        "@shikijs/types": "3.23.0"
      }
    },
    "node_modules/@shikijs/types": {
      "version": "3.23.0",
      "resolved": "https://registry.npmjs.org/@shikijs/types/-/types-3.23.0.tgz",
      "integrity": "sha512-3JZ5HXOZfYjsYSk0yPwBrkupyYSLpAE26Qc0HLghhZNGTZg/SKxXIIgoxOpmmeQP0RRSDJTk1/vPfw9tbw+jSQ==",
      "dev": true,
      "license": "MIT",
      "dependencies": {
        "@shikijs/vscode-textmate": "^10.0.2",
        "@types/hast": "^3.0.4"
      }
    },
    "node_modules/@shikijs/vscode-textmate": {
      "version": "10.0.2",
      "resolved": "https://registry.npmjs.org/@shikijs/vscode-textmate/-/vscode-textmate-10.0.2.tgz",
      "integrity": "sha512-83yeghZ2xxin3Nj8z1NMd/NCuca+gsYXswywDy5bHvwlWL8tpTQmzGeUuHd9FC3E/SBEMvzJRwWEOz5gGes9Qg==",
      "dev": true,
      "license": "MIT"
    },
    "node_modules/@types/hast": {
      "version": "3.0.4",
      "resolved": "https://registry.npmjs.org/@types/hast/-/hast-3.0.4.tgz",
      "integrity": "sha512-WPs+bbQw5aCj+x6laNGWLH3wviHtoCv/P3+otBhbOhJgG8qtpdAMlTCxLtsTWA7LH1Oh/bFCHsBn0TPS5m30EQ==",
      "dev": true,
      "license": "MIT",
      "dependencies": {
        "@types/unist": "*"
      }
    },
    "node_modules/@types/unist": {
      "version": "3.0.3",
      "resolved": "https://registry.npmjs.org/@types/unist/-/unist-3.0.3.tgz",
      "integrity": "sha512-ko/gIFJRv177XgZsZcBwnqJN5x/Gien8qNOn0D5bQU/zAzVf9Zt3BlcUiLqhV9y4ARk0GbT3tnUiPNgnTXzc/Q==",
      "dev": true,
      "license": "MIT"
    },
    "node_modules/argparse": {
      "version": "2.0.1",
      "resolved": "https://registry.npmjs.org/argparse/-/argparse-2.0.1.tgz",
      "integrity": "sha512-8+9WqebbFzpX9OR+Wa6O29asIogeRMzcGtAINdpMHHyAg10f05aSFVBbcEqGf/PXw1EjAZ+q2/bEBg3DvurK3Q==",
      "dev": true,
      "license": "Python-2.0"
    },
    "node_modules/balanced-match": {
      "version": "4.0.4",
      "resolved": "https://registry.npmjs.org/balanced-match/-/balanced-match-4.0.4.tgz",
      "integrity": "sha512-BLrgEcRTwX2o6gGxGOCNyMvGSp35YofuYzw9h1IMTRmKqttAZZVU67bdb9Pr2vUHA8+j3i2tJfjO6C6+4myGTA==",
      "dev": true,
      "license": "MIT",
      "engines": {
        "node": "18 || 20 || >=22"
      }
    },
    "node_modules/brace-expansion": {
      "version": "5.0.6",
      "resolved": "https://registry.npmjs.org/brace-expansion/-/brace-expansion-5.0.6.tgz",
      "integrity": "sha512-kLpxurY4Z4r9sgMsyG0Z9uzsBlgiU/EFKhj/h91/8yHu0edo7XuixOIH3VcJ8kkxs6/jPzoI6U9Vj3WqbMQ94g==",
      "dev": true,
      "license": "MIT",
      "dependencies": {
        "balanced-match": "^4.0.2"
      },
      "engines": {
        "node": "18 || 20 || >=22"
      }
    },
    "node_modules/entities": {
      "version": "4.5.0",
      "resolved": "https://registry.npmjs.org/entities/-/entities-4.5.0.tgz",
      "integrity": "sha512-V0hjH4dGPh9Ao5p0MoRY6BVqtwCjhz6vI5LT8AJ55H+4g9/4vbHx1I54fS0XuclLhDHArPQCiMjDxjaL8fPxhw==",
      "dev": true,
      "license": "BSD-2-Clause",
      "engines": {
        "node": ">=0.12"
      },
      "funding": {
        "url": "https://github.com/fb55/entities?sponsor=1"
      }
    },
    "node_modules/linkify-it": {
      "version": "5.0.0",
      "resolved": "https://registry.npmjs.org/linkify-it/-/linkify-it-5.0.0.tgz",
      "integrity": "sha512-5aHCbzQRADcdP+ATqnDuhhJ/MRIqDkZX5pyjFHRRysS8vZ5AbqGEoFIb6pYHPZ+L/OC2Lc+xT8uHVVR5CAK/wQ==",
      "dev": true,
      "license": "MIT",
      "dependencies": {
        "uc.micro": "^2.0.0"
      }
    },
    "node_modules/lunr": {
      "version": "2.3.9",
      "resolved": "https://registry.npmjs.org/lunr/-/lunr-2.3.9.tgz",
      "integrity": "sha512-zTU3DaZaF3Rt9rhN3uBMGQD3dD2/vFQqnvZCDv4dl5iOzq2IZQqTxu90r4E5J+nP70J3ilqVCrbho2eWaeW8Ow==",
      "dev": true,
      "license": "MIT"
    },
    "node_modules/markdown-it": {
      "version": "14.1.1",
      "resolved": "https://registry.npmjs.org/markdown-it/-/markdown-it-14.1.1.tgz",
      "integrity": "sha512-BuU2qnTti9YKgK5N+IeMubp14ZUKUUw7yeJbkjtosvHiP0AZ5c8IAgEMk79D0eC8F23r4Ac/q8cAIFdm2FtyoA==",
      "dev": true,
      "license": "MIT",
      "dependencies": {
        "argparse": "^2.0.1",
        "entities": "^4.4.0",
        "linkify-it": "^5.0.0",
        "mdurl": "^2.0.0",
        "punycode.js": "^2.3.1",
        "uc.micro": "^2.1.0"
      },
      "bin": {
        "markdown-it": "bin/markdown-it.mjs"
      }
    },
    "node_modules/mdurl": {
      "version": "2.0.0",
      "resolved": "https://registry.npmjs.org/mdurl/-/mdurl-2.0.0.tgz",
      "integrity": "sha512-Lf+9+2r+Tdp5wXDXC4PcIBjTDtq4UKjCPMQhKIuzpJNW0b96kVqSwW0bT7FhRSfmAiFYgP+SCRvdrDozfh0U5w==",
      "dev": true,
      "license": "MIT"
    },
    "node_modules/minimatch": {
      "version": "10.2.5",
      "resolved": "https://registry.npmjs.org/minimatch/-/minimatch-10.2.5.tgz",
      "integrity": "sha512-MULkVLfKGYDFYejP07QOurDLLQpcjk7Fw+7jXS2R2czRQzR56yHRveU5NDJEOviH+hETZKSkIk5c+T23GjFUMg==",
      "dev": true,
      "license": "BlueOak-1.0.0",
      "dependencies": {
        "brace-expansion": "^5.0.5"
      },
      "engines": {
        "node": "18 || 20 || >=22"
      },
      "funding": {
        "url": "https://github.com/sponsors/isaacs"
      }
    },
    "node_modules/punycode.js": {
      "version": "2.3.1",
      "resolved": "https://registry.npmjs.org/punycode.js/-/punycode.js-2.3.1.tgz",
      "integrity": "sha512-uxFIHU0YlHYhDQtV4R9J6a52SLx28BCjT+4ieh7IGbgwVJWO+km431c4yRlREUAsAmt/uMjQUyQHNEPf0M39CA==",
      "dev": true,
      "license": "MIT",
      "engines": {
        "node": ">=6"
      }
    },
    "node_modules/typedoc": {
      "version": "0.28.19",
      "resolved": "https://registry.npmjs.org/typedoc/-/typedoc-0.28.19.tgz",
      "integrity": "sha512-wKh+lhdmMFivMlc6vRRcMGXeGEHGU2g8a2CkPTJjJlwRf1iXbimWIPcFolCqe4E0d/FRtGszpIrsp3WLpDB8Pw==",
      "dev": true,
      "license": "Apache-2.0",
      "dependencies": {
        "@gerrit0/mini-shiki": "^3.23.0",
        "lunr": "^2.3.9",
        "markdown-it": "^14.1.1",
        "minimatch": "^10.2.5",
        "yaml": "^2.8.3"
      },
      "bin": {
        "typedoc": "bin/typedoc"
      },
      "engines": {
        "node": ">= 18",
        "pnpm": ">= 10"
      },
      "peerDependencies": {
        "typescript": "5.0.x || 5.1.x || 5.2.x || 5.3.x || 5.4.x || 5.5.x || 5.6.x || 5.7.x || 5.8.x || 5.9.x || 6.0.x"
      }
    },
    "node_modules/typescript": {
      "version": "5.6.3",
      "resolved": "https://registry.npmjs.org/typescript/-/typescript-5.6.3.tgz",
      "integrity": "sha512-hjcS1mhfuyi4WW8IWtjP7brDrG2cuDZukyrYrSauoXGNgx0S7zceP07adYkJycEr56BOUTNPzbInooiN3fn1qw==",
      "dev": true,
      "license": "Apache-2.0",
      "bin": {
        "tsc": "bin/tsc",
        "tsserver": "bin/tsserver"
      },
      "engines": {
        "node": ">=14.17"
      }
    },
    "node_modules/uc.micro": {
      "version": "2.1.0",
      "resolved": "https://registry.npmjs.org/uc.micro/-/uc.micro-2.1.0.tgz",
      "integrity": "sha512-ARDJmphmdvUk6Glw7y9DQ2bFkKBHwQHLi2lsaH6PPmz/Ka9sFOBsBluozhDltWmnv9u/cF6Rt87znRTPV+yp/A==",
      "dev": true,
      "license": "MIT"
    },
    "node_modules/yaml": {
      "version": "2.9.0",
      "resolved": "https://registry.npmjs.org/yaml/-/yaml-2.9.0.tgz",
      "integrity": "sha512-2AvhNX3mb8zd6Zy7INTtSpl1F15HW6Wnqj0srWlkKLcpYl/gMIMJiyuGq2KeI2YFxUPjdlB+3Lc10seMLtL4cA==",
      "dev": true,
      "license": "ISC",
      "bin": {
        "yaml": "bin.mjs"
      },
      "engines": {
        "node": ">= 14.6"
      },
      "funding": {
        "url": "https://github.com/sponsors/eemeli"
      }
    }
  }
}
